
Microsoft Visual Studio Solution File, Format Version 12.00
# Visual Studio Version 16
VisualStudioVersion = 16.0.30907.101
MinimumVisualStudioVersion = 10.0.40219.1
Project("{9A19103F-16F7-4668-BE54-9A1E7A4F7556}") = "websocketChat.Api", "websocketChat.Api\websocketChat.Api.csproj", "{351DE4EE-30DA-4059-97A9-2EF1B02B5EF8}"
EndProject
Project("{FAE04EC0-301F-11D3-BF4B-00C04F79EFBC}") = "websocketChat.Data", "websocketChat.Data\websocketChat.Data.csproj", "{84438193-C163-46D4-BA9D-2B39D06B2063}"
EndProject
Global
	GlobalSection(SolutionConfigurationPlatforms) = preSolution
		Debug|Any CPU = Debug|Any CPU
		Release|Any CPU = Release|Any CPU
	EndGlobalSection
	GlobalSection(ProjectConfigurationPlatforms) = postSolution
		{351DE4EE-30DA-4059-97A9-2EF1B02B5EF8}.Debug|Any CPU.ActiveCfg = Debug|Any CPU
		{351DE4EE-30DA-4059-97A9-2EF1B02B5EF8}.Debug|Any CPU.Build.0 = Debug|Any CPU
		{351DE4EE-30DA-4059-97A9-2EF1B02B5EF8}.Release|Any CPU.ActiveCfg = Release|Any CPU
		{351DE4EE-30DA-4059-97A9-2EF1B02B5EF8}.Release|Any CPU.Build.0 = Release|Any CPU
		{84438193-C163-46D4-BA9D-2B39D06B2063}.Debug|Any CPU.ActiveCfg = Debug|Any CPU
		{84438193-C163-46D4-BA9D-2B39D06B2063}.Debug|Any CPU.Build.0 = Debug|Any CPU
		{84438193-C163-46D4-BA9D-2B39D06B2063}.Release|Any CPU.ActiveCfg = Release|Any CPU
		{84438193-C163-46D4-BA9D-2B39D06B2063}.Release|Any CPU.Build.0 = Release|Any CPU
	EndGlobalSection
	GlobalSection(SolutionProperties) = preSolution
		HideSolutionNode = FALSE
	EndGlobalSection
	GlobalSection(ExtensibilityGlobals) = postSolution
		SolutionGuid = {76418D03-80A0-44E3-9E70-BD17E4AA2D8A}
	EndGlobalSection
EndGlobal
